
Microsoft Visual Studio Solution File, Format Version 12.00
# Visual Studio Version 17
VisualStudioVersion = 17.8.34511.84
MinimumVisualStudioVersion = 10.0.40219.1
Project("{FAE04EC0-301F-11D3-BF4B-00C04F79EFBC}") = "RowMaxSum", "RowMaxSum.csproj", "{E9377DCC-7766-4B10-A122-6F359BB02E2B}"
EndProject
Project("{FAE04EC0-301F-11D3-BF4B-00C04F79EFBC}") = "RowMaxSum.Tests", "..\RowMaxSum.Tests\RowMaxSum.Tests.csproj", "{6478A973-982E-45DD-A3F7-4C6833E8883F}"
EndProject
Global
	GlobalSection(SolutionConfigurationPlatforms) = preSolution
		Debug|Any CPU = Debug|Any CPU
		Release|Any CPU = Release|Any CPU
	EndGlobalSection
	GlobalSection(ProjectConfigurationPlatforms) = postSolution
		{E9377DCC-7766-4B10-A122-6F359BB02E2B}.Debug|Any CPU.ActiveCfg = Debug|Any CPU
		{E9377DCC-7766-4B10-A122-6F359BB02E2B}.Debug|Any CPU.Build.0 = Debug|Any CPU
		{E9377DCC-7766-4B10-A122-6F359BB02E2B}.Release|Any CPU.ActiveCfg = Release|Any CPU
		{E9377DCC-7766-4B10-A122-6F359BB02E2B}.Release|Any CPU.Build.0 = Release|Any CPU
		{6478A973-982E-45DD-A3F7-4C6833E8883F}.Debug|Any CPU.ActiveCfg = Debug|Any CPU
		{6478A973-982E-45DD-A3F7-4C6833E8883F}.Debug|Any CPU.Build.0 = Debug|Any CPU
		{6478A973-982E-45DD-A3F7-4C6833E8883F}.Release|Any CPU.ActiveCfg = Release|Any CPU
		{6478A973-982E-45DD-A3F7-4C6833E8883F}.Release|Any CPU.Build.0 = Release|Any CPU
	EndGlobalSection
	GlobalSection(SolutionProperties) = preSolution
		HideSolutionNode = FALSE
	EndGlobalSection
	GlobalSection(ExtensibilityGlobals) = postSolution
		SolutionGuid = {63FA2C6B-C576-4472-9321-31C841AD5C8D}
	EndGlobalSection
EndGlobal
